<?xml version="1.0" encoding="utf-8"?>
<Project ToolsVersion="4.0" xmlns="http://schemas.microsoft.com/developer/msbuild/2003">
  <ItemGroup>
    <ClCompile Include="util\util.cpp">
      <Filter>util</Filter>
    </ClCompile>
    <ClCompile Include="util\FFmpeg.cpp">
      <Filter>util</Filter>
    </ClCompile>
    <ClCompile Include="UniformGrid.cpp" />
    <ClCompile Include="SphereSpringSystemSimulator.cpp" />
    <ClCompile Include="SphereSpringSystem.cpp" />
    <ClCompile Include="MassSpringSystemSimulator.cpp">
      <Filter>older than granny</Filter>
    </ClCompile>
    <ClCompile Include="point.cpp">
      <Filter>older than granny</Filter>
    </ClCompile>
    <ClCompile Include="RigidBody.cpp">
      <Filter>older than granny</Filter>
    </ClCompile>
    <ClCompile Include="RigidBodySystemSimulator.cpp">
      <Filter>older than granny</Filter>
    </ClCompile>
    <ClCompile Include="SphereSystem.cpp">
      <Filter>older than granny</Filter>
    </ClCompile>
    <ClCompile Include="SphereSystemSimulator.cpp">
      <Filter>older than granny</Filter>
    </ClCompile>
    <ClCompile Include="spring.cpp">
      <Filter>older than granny</Filter>
    </ClCompile>
    <ClCompile Include="TemplateSimulator.cpp">
      <Filter>older than granny</Filter>
    </ClCompile>
  </ItemGroup>
  <ItemGroup>
    <Filter Include="util">
      <UniqueIdentifier>{ba535b4e-0c95-4992-8a48-6babc14c1f7c}</UniqueIdentifier>
    </Filter>
    <Filter Include="older than granny">
      <UniqueIdentifier>{4e26efbd-bd25-4eb5-8c53-34f9947c461a}</UniqueIdentifier>
    </Filter>
  </ItemGroup>
  <ItemGroup>
    <ClInclude Include="util\util.h">
      <Filter>util</Filter>
    </ClInclude>
    <ClInclude Include="util\FFmpeg.h">
      <Filter>util</Filter>
    </ClInclude>
    <ClInclude Include="DrawingUtilitiesClass.h" />
    <ClInclude Include="Simulator.h" />
    <ClInclude Include="util\collisionDetect.h">
      <Filter>util</Filter>
    </ClInclude>
    <ClInclude Include="util\quaternion.h">
      <Filter>util</Filter>
    </ClInclude>
    <ClInclude Include="util\vector4d.h">
      <Filter>util</Filter>
    </ClInclude>
    <ClInclude Include="UniformGrid.h" />
    <ClInclude Include="util\matrixbase.h">
      <Filter>util</Filter>
    </ClInclude>
    <ClInclude Include="util\vectorbase.h">
      <Filter>util</Filter>
    </ClInclude>
    <ClInclude Include="util\timer.h">
      <Filter>util</Filter>
    </ClInclude>
    <ClInclude Include="SphereSpringSystemSimulator.h" />
    <ClInclude Include="SphereSpringSystem.h" />
    <ClInclude Include="SphereSpring.h" />
    <ClInclude Include="MassSpringSystemSimulator.h">
      <Filter>older than granny</Filter>
    </ClInclude>
    <ClInclude Include="point.h">
      <Filter>older than granny</Filter>
    </ClInclude>
    <ClInclude Include="RigidBody.h">
      <Filter>older than granny</Filter>
    </ClInclude>
    <ClInclude Include="RigidBodyCollisionSystem.h">
      <Filter>older than granny</Filter>
    </ClInclude>
    <ClInclude Include="RigidBodySystemSimulator.h">
      <Filter>older than granny</Filter>
    </ClInclude>
    <ClInclude Include="SphereSystem.h">
      <Filter>older than granny</Filter>
    </ClInclude>
    <ClInclude Include="SphereSystemSimulator.h">
      <Filter>older than granny</Filter>
    </ClInclude>
    <ClInclude Include="spring.h">
      <Filter>older than granny</Filter>
    </ClInclude>
    <ClInclude Include="TemplateSimulator.h">
      <Filter>older than granny</Filter>
    </ClInclude>
    <ClInclude Include="Sphere.h" />
  </ItemGroup>
  <ItemGroup>
    <FxCompile Include="effect.fx" />
  </ItemGroup>
  <ItemGroup>
    <Text Include="..\readme.txt" />
  </ItemGroup>
</Project>